
Microsoft Visual Studio Solution File, Format Version 12.00
# Visual Studio Version 17
VisualStudioVersion = 17.11.35312.102
MinimumVisualStudioVersion = 10.0.40219.1
Project("{9A19103F-16F7-4668-BE54-9A1E7A4F7556}") = "Domain", "Domain\Domain.csproj", "{4CA70FA5-2C7F-4AA4-9909-B09CCECEE04B}"
EndProject
Project("{9A19103F-16F7-4668-BE54-9A1E7A4F7556}") = "Infrastructure", "Infrastructure\Infrastructure.csproj", "{7B8C1BC5-6F72-4CB6-B2FA-3366890A0265}"
EndProject
Project("{9A19103F-16F7-4668-BE54-9A1E7A4F7556}") = "Application", "Application\Application.csproj", "{748830F4-AFAC-409C-9BD3-B8675B65B541}"
EndProject
Project("{9A19103F-16F7-4668-BE54-9A1E7A4F7556}") = "Controller", "Controller\Controller.csproj", "{3EC39362-CA13-4621-A03F-97FB2895A98D}"
EndProject
Project("{2150E333-8FDC-42A3-9474-1A3956D46DE8}") = "UnitTest", "UnitTest", "{36EA92FC-DD4E-4CF6-A533-0987E83E3F44}"
EndProject
Project("{9A19103F-16F7-4668-BE54-9A1E7A4F7556}") = "GTT.API.Test", "GTT.API.Test\GTT.API.Test.csproj", "{E2DF75E0-0934-4F59-B315-BBEE6F2AACE6}"
EndProject
Project("{9A19103F-16F7-4668-BE54-9A1E7A4F7556}") = "GTT.Infrastructure.Test", "GTT.Application.Test\GTT.Infrastructure.Test.csproj", "{C67A5791-9F59-4CF4-8584-32CB87B4AD61}"
EndProject
Global
	GlobalSection(SolutionConfigurationPlatforms) = preSolution
		Debug|Any CPU = Debug|Any CPU
		Release|Any CPU = Release|Any CPU
	EndGlobalSection
	GlobalSection(ProjectConfigurationPlatforms) = postSolution
		{4CA70FA5-2C7F-4AA4-9909-B09CCECEE04B}.Debug|Any CPU.ActiveCfg = Debug|Any CPU
		{4CA70FA5-2C7F-4AA4-9909-B09CCECEE04B}.Debug|Any CPU.Build.0 = Debug|Any CPU
		{4CA70FA5-2C7F-4AA4-9909-B09CCECEE04B}.Release|Any CPU.ActiveCfg = Release|Any CPU
		{4CA70FA5-2C7F-4AA4-9909-B09CCECEE04B}.Release|Any CPU.Build.0 = Release|Any CPU
		{7B8C1BC5-6F72-4CB6-B2FA-3366890A0265}.Debug|Any CPU.ActiveCfg = Debug|Any CPU
		{7B8C1BC5-6F72-4CB6-B2FA-3366890A0265}.Debug|Any CPU.Build.0 = Debug|Any CPU
		{7B8C1BC5-6F72-4CB6-B2FA-3366890A0265}.Release|Any CPU.ActiveCfg = Release|Any CPU
		{7B8C1BC5-6F72-4CB6-B2FA-3366890A0265}.Release|Any CPU.Build.0 = Release|Any CPU
		{748830F4-AFAC-409C-9BD3-B8675B65B541}.Debug|Any CPU.ActiveCfg = Debug|Any CPU
		{748830F4-AFAC-409C-9BD3-B8675B65B541}.Debug|Any CPU.Build.0 = Debug|Any CPU
		{748830F4-AFAC-409C-9BD3-B8675B65B541}.Release|Any CPU.ActiveCfg = Release|Any CPU
		{748830F4-AFAC-409C-9BD3-B8675B65B541}.Release|Any CPU.Build.0 = Release|Any CPU
		{3EC39362-CA13-4621-A03F-97FB2895A98D}.Debug|Any CPU.ActiveCfg = Debug|Any CPU
		{3EC39362-CA13-4621-A03F-97FB2895A98D}.Debug|Any CPU.Build.0 = Debug|Any CPU
		{3EC39362-CA13-4621-A03F-97FB2895A98D}.Release|Any CPU.ActiveCfg = Release|Any CPU
		{3EC39362-CA13-4621-A03F-97FB2895A98D}.Release|Any CPU.Build.0 = Release|Any CPU
		{E2DF75E0-0934-4F59-B315-BBEE6F2AACE6}.Debug|Any CPU.ActiveCfg = Debug|Any CPU
		{E2DF75E0-0934-4F59-B315-BBEE6F2AACE6}.Debug|Any CPU.Build.0 = Debug|Any CPU
		{E2DF75E0-0934-4F59-B315-BBEE6F2AACE6}.Release|Any CPU.ActiveCfg = Release|Any CPU
		{E2DF75E0-0934-4F59-B315-BBEE6F2AACE6}.Release|Any CPU.Build.0 = Release|Any CPU
		{C67A5791-9F59-4CF4-8584-32CB87B4AD61}.Debug|Any CPU.ActiveCfg = Debug|Any CPU
		{C67A5791-9F59-4CF4-8584-32CB87B4AD61}.Debug|Any CPU.Build.0 = Debug|Any CPU
		{C67A5791-9F59-4CF4-8584-32CB87B4AD61}.Release|Any CPU.ActiveCfg = Release|Any CPU
		{C67A5791-9F59-4CF4-8584-32CB87B4AD61}.Release|Any CPU.Build.0 = Release|Any CPU
	EndGlobalSection
	GlobalSection(SolutionProperties) = preSolution
		HideSolutionNode = FALSE
	EndGlobalSection
	GlobalSection(NestedProjects) = preSolution
		{E2DF75E0-0934-4F59-B315-BBEE6F2AACE6} = {36EA92FC-DD4E-4CF6-A533-0987E83E3F44}
		{C67A5791-9F59-4CF4-8584-32CB87B4AD61} = {36EA92FC-DD4E-4CF6-A533-0987E83E3F44}
	EndGlobalSection
	GlobalSection(ExtensibilityGlobals) = postSolution
		SolutionGuid = {26FB6B7F-A9DF-49D9-A482-673E60D54416}
	EndGlobalSection
EndGlobal
